
Microsoft Visual Studio Solution File, Format Version 12.00
# Visual Studio Version 17
VisualStudioVersion = 17.4.33205.214
MinimumVisualStudioVersion = 10.0.40219.1
Project("{FAE04EC0-301F-11D3-BF4B-00C04F79EFBC}") = "Assignment2", "Assignment2.csproj", "{9EAAC5F2-4692-457A-83C3-9ACE320AFA42}"
EndProject
Global
	GlobalSection(SolutionConfigurationPlatforms) = preSolution
		Debug|Any CPU = Debug|Any CPU
		Release|Any CPU = Release|Any CPU
	EndGlobalSection
	GlobalSection(ProjectConfigurationPlatforms) = postSolution
		{9EAAC5F2-4692-457A-83C3-9ACE320AFA42}.Debug|Any CPU.ActiveCfg = Debug|Any CPU
		{9EAAC5F2-4692-457A-83C3-9ACE320AFA42}.Debug|Any CPU.Build.0 = Debug|Any CPU
		{9EAAC5F2-4692-457A-83C3-9ACE320AFA42}.Release|Any CPU.ActiveCfg = Release|Any CPU
		{9EAAC5F2-4692-457A-83C3-9ACE320AFA42}.Release|Any CPU.Build.0 = Release|Any CPU
	EndGlobalSection
	GlobalSection(SolutionProperties) = preSolution
		HideSolutionNode = FALSE
	EndGlobalSection
	GlobalSection(ExtensibilityGlobals) = postSolution
		SolutionGuid = {C5E27B46-1AC7-4958-8D08-E0EB4D473D8E}
	EndGlobalSection
EndGlobal
